<?xml version="1.0" encoding="utf-8"?>
<Project ToolsVersion="4.0" xmlns="http://schemas.microsoft.com/developer/msbuild/2003">
  <ItemGroup>
    <ClCompile Include="src\ConfigProxy.cpp">
      <Filter>Source Files</Filter>
    </ClCompile>
    <ClCompile Include="src\Control.cpp">
      <Filter>Source Files</Filter>
    </ClCompile>
    <ClCompile Include="src\Discovery.cpp">
      <Filter>Source Files</Filter>
    </ClCompile>
    <ClCompile Include="src\GestionProxy.cpp">
      <Filter>Source Files</Filter>
    </ClCompile>
    <ClCompile Include="src\HDHRlibFacade.cpp">
      <Filter>Source Files</Filter>
    </ClCompile>
    <ClCompile Include="src\HDHRProxyIPTV.cpp">
      <Filter>Source Files</Filter>
    </ClCompile>
    <ClCompile Include="src\HDHRProxyIPTVDlg.cpp">
      <Filter>Source Files</Filter>
    </ClCompile>
    <ClCompile Include="src\RingBufferTS.cpp">
      <Filter>Source Files</Filter>
    </ClCompile>
    <ClCompile Include="src\RingBufferTS_Basic.cpp">
      <Filter>Source Files</Filter>
    </ClCompile>
    <ClCompile Include="src\Transport.cpp">
      <Filter>Source Files</Filter>
    </ClCompile>
    <ClCompile Include="src\stdafx.cpp">
      <Filter>Source Files</Filter>
    </ClCompile>
    <ClCompile Include="src\Trace.cpp">
      <Filter>Source Files</Filter>
    </ClCompile>
    <ClCompile Include="src\ServiceW.cpp">
      <Filter>Source Files</Filter>
    </ClCompile>
    <ClCompile Include="src\Tuner.cpp">
      <Filter>Source Files</Filter>
    </ClCompile>
    <ClCompile Include="src\PanelInfoTunerDlg.cpp">
      <Filter>Source Files</Filter>
    </ClCompile>
    <ClCompile Include="src\TabTunersCtrl.cpp">
      <Filter>Source Files</Filter>
    </ClCompile>
  </ItemGroup>
  <ItemGroup>
    <ClInclude Include="include\ConfigProxy.h">
      <Filter>Header Files</Filter>
    </ClInclude>
    <ClInclude Include="include\Control.h">
      <Filter>Header Files</Filter>
    </ClInclude>
    <ClInclude Include="include\Discovery.h">
      <Filter>Header Files</Filter>
    </ClInclude>
    <ClInclude Include="include\GestionProxy.h">
      <Filter>Header Files</Filter>
    </ClInclude>
    <ClInclude Include="include\HDHRlibFacade.h">
      <Filter>Header Files</Filter>
    </ClInclude>
    <ClInclude Include="include\HDHRProxyIPTV.h">
      <Filter>Header Files</Filter>
    </ClInclude>
    <ClInclude Include="include\HDHRProxyIPTVDlg.h">
      <Filter>Header Files</Filter>
    </ClInclude>
    <ClInclude Include="include\InfoHDHR.h">
      <Filter>Header Files</Filter>
    </ClInclude>
    <ClInclude Include="include\RingBufferTS.h">
      <Filter>Header Files</Filter>
    </ClInclude>
    <ClInclude Include="include\RingBufferTS_Basic.h">
      <Filter>Header Files</Filter>
    </ClInclude>
    <ClInclude Include="include\Transport.h">
      <Filter>Header Files</Filter>
    </ClInclude>
    <ClInclude Include="resource.h">
      <Filter>Header Files</Filter>
    </ClInclude>
    <ClInclude Include="include\stdafx.h">
      <Filter>Header Files</Filter>
    </ClInclude>
    <ClInclude Include="include\targetver.h">
      <Filter>Header Files</Filter>
    </ClInclude>
    <ClInclude Include="include\Trace.h">
      <Filter>Header Files</Filter>
    </ClInclude>
    <ClInclude Include="include\ServiceW.h">
      <Filter>Header Files</Filter>
    </ClInclude>
    <ClInclude Include="include\Parameterization.h">
      <Filter>Header Files</Filter>
    </ClInclude>
    <ClInclude Include="include\Tuner.h">
      <Filter>Header Files</Filter>
    </ClInclude>
    <ClInclude Include="include\PanelInfoTunerDlg.h">
      <Filter>Header Files</Filter>
    </ClInclude>
    <ClInclude Include="include\TabTunersCtrl.h">
      <Filter>Header Files</Filter>
    </ClInclude>
  </ItemGroup>
  <ItemGroup>
    <Text Include="ReadMe.txt" />
  </ItemGroup>
  <ItemGroup>
    <Filter Include="libs/dlls">
      <UniqueIdentifier>{7faaae75-a24f-4839-b2bf-4259eb319b61}</UniqueIdentifier>
    </Filter>
    <Filter Include="Resource Files">
      <UniqueIdentifier>{9be62cd1-2341-4912-ba53-25737e8da644}</UniqueIdentifier>
    </Filter>
    <Filter Include="Header Files">
      <UniqueIdentifier>{89ce9498-2128-4f58-b006-e04b6906fd8e}</UniqueIdentifier>
    </Filter>
    <Filter Include="Source Files">
      <UniqueIdentifier>{bda71ebf-1a9c-40d5-90c0-ab2250d6d180}</UniqueIdentifier>
    </Filter>
  </ItemGroup>
  <ItemGroup>
    <Image Include="res\HDHRProxyIPTV.ico">
      <Filter>Resource Files</Filter>
    </Image>
    <Image Include="res\icon1.ico" />
  </ItemGroup>
  <ItemGroup>
    <ResourceCompile Include="HDHRProxyIPTV.rc">
      <Filter>Resource Files</Filter>
    </ResourceCompile>
  </ItemGroup>
  <ItemGroup>
    <None Include="res\HDHRProxyIPTV.rc2">
      <Filter>Resource Files</Filter>
    </None>
  </ItemGroup>
  <ItemGroup>
    <Library Include="libs\libhdhomerun_20100213.lib">
      <Filter>libs/dlls</Filter>
    </Library>
  </ItemGroup>
</Project>